
Microsoft Visual Studio Solution File, Format Version 12.00
# Visual Studio Version 17
VisualStudioVersion = 17.14.36121.58
MinimumVisualStudioVersion = 10.0.40219.1
Project("{FAE04EC0-301F-11D3-BF4B-00C04F79EFBC}") = "MiFarmacia", "MiFarmacia\MiFarmacia.csproj", "{F8A08049-A731-401C-A869-EFF4BB489219}"
EndProject
Project("{FAE04EC0-301F-11D3-BF4B-00C04F79EFBC}") = "VO", "VO\VO.csproj", "{8F7397CA-6ECA-4217-826A-551F316D26A0}"
EndProject
Project("{FAE04EC0-301F-11D3-BF4B-00C04F79EFBC}") = "CapaDatos", "CapaDatos\CapaDatos.csproj", "{B3D7A402-E2EB-4A2E-AEE6-27D83412A389}"
EndProject
Project("{FAE04EC0-301F-11D3-BF4B-00C04F79EFBC}") = "CapaNegocio", "CapaNegocio\CapaNegocio.csproj", "{B49C5234-F300-4BEA-8784-C6AE712C1FE9}"
EndProject
Global
	GlobalSection(SolutionConfigurationPlatforms) = preSolution
		Debug|Any CPU = Debug|Any CPU
		Release|Any CPU = Release|Any CPU
	EndGlobalSection
	GlobalSection(ProjectConfigurationPlatforms) = postSolution
		{F8A08049-A731-401C-A869-EFF4BB489219}.Debug|Any CPU.ActiveCfg = Debug|Any CPU
		{F8A08049-A731-401C-A869-EFF4BB489219}.Debug|Any CPU.Build.0 = Debug|Any CPU
		{F8A08049-A731-401C-A869-EFF4BB489219}.Release|Any CPU.ActiveCfg = Release|Any CPU
		{F8A08049-A731-401C-A869-EFF4BB489219}.Release|Any CPU.Build.0 = Release|Any CPU
		{8F7397CA-6ECA-4217-826A-551F316D26A0}.Debug|Any CPU.ActiveCfg = Debug|Any CPU
		{8F7397CA-6ECA-4217-826A-551F316D26A0}.Debug|Any CPU.Build.0 = Debug|Any CPU
		{8F7397CA-6ECA-4217-826A-551F316D26A0}.Release|Any CPU.ActiveCfg = Release|Any CPU
		{8F7397CA-6ECA-4217-826A-551F316D26A0}.Release|Any CPU.Build.0 = Release|Any CPU
		{B3D7A402-E2EB-4A2E-AEE6-27D83412A389}.Debug|Any CPU.ActiveCfg = Debug|Any CPU
		{B3D7A402-E2EB-4A2E-AEE6-27D83412A389}.Debug|Any CPU.Build.0 = Debug|Any CPU
		{B3D7A402-E2EB-4A2E-AEE6-27D83412A389}.Release|Any CPU.ActiveCfg = Release|Any CPU
		{B3D7A402-E2EB-4A2E-AEE6-27D83412A389}.Release|Any CPU.Build.0 = Release|Any CPU
		{B49C5234-F300-4BEA-8784-C6AE712C1FE9}.Debug|Any CPU.ActiveCfg = Debug|Any CPU
		{B49C5234-F300-4BEA-8784-C6AE712C1FE9}.Debug|Any CPU.Build.0 = Debug|Any CPU
		{B49C5234-F300-4BEA-8784-C6AE712C1FE9}.Release|Any CPU.ActiveCfg = Release|Any CPU
		{B49C5234-F300-4BEA-8784-C6AE712C1FE9}.Release|Any CPU.Build.0 = Release|Any CPU
	EndGlobalSection
	GlobalSection(SolutionProperties) = preSolution
		HideSolutionNode = FALSE
	EndGlobalSection
	GlobalSection(ExtensibilityGlobals) = postSolution
		SolutionGuid = {1360BDA8-A1A6-4BD1-99DA-967253EB7B39}
	EndGlobalSection
EndGlobal
